prepare:
  cmd: python src/prepare.py
  deps:
  - path: src/prepare.py
    md5: 55a9b61797491d750704783e0ccac43e
  params:
    params.yaml:
      prepare.random_state: 1
      prepare.train_frac: 0.8
train:
  cmd: python src/train.py
  deps:
  - path: src/train.py
    md5: aa34e83cb1404f65df7c637dcab08445
  params:
    params.yaml:
      train.mode: ensemble
      train.random_state: 1
predict:
  cmd: python src/predict.py
  deps:
  - path: src/train.py
    md5: aa34e83cb1404f65df7c637dcab08445
  params:
    params.yaml:
      predict.mode: ensemble
      predict.model_name: baseline_model
